// !$*UTF8*$!
{
	archiveVersion = 1;
	classes = {
	};
	objectVersion = 56;
	objects = {

/* Begin PBXBuildFile section */
		7E015CD02C1DDF7D00599EB6 /* AppDelegate.swift in Sources */ = {isa = PBXBuildFile; fileRef = 7E015CCF2C1DDF7D00599EB6 /* AppDelegate.swift */; };
		7E015CD22C1DDF7D00599EB6 /* SceneDelegate.swift in Sources */ = {isa = PBXBuildFile; fileRef = 7E015CD12C1DDF7D00599EB6 /* SceneDelegate.swift */; };
		7E015CD42C1DDF7D00599EB6 /* HomeVC.swift in Sources */ = {isa = PBXBuildFile; fileRef = 7E015CD32C1DDF7D00599EB6 /* HomeVC.swift */; };
		7E015CD72C1DDF7D00599EB6 /* Base in Resources */ = {isa = PBXBuildFile; fileRef = 7E015CD62C1DDF7D00599EB6 /* Base */; };
		7E015CD92C1DDF8000599EB6 /* Assets.xcassets in Resources */ = {isa = PBXBuildFile; fileRef = 7E015CD82C1DDF8000599EB6 /* Assets.xcassets */; };
		7E015CDC2C1DDF8000599EB6 /* Base in Resources */ = {isa = PBXBuildFile; fileRef = 7E015CDB2C1DDF8000599EB6 /* Base */; };
		7E015CE52C2275B700599EB6 /* HomeScreen.swift in Sources */ = {isa = PBXBuildFile; fileRef = 7E015CE42C2275B700599EB6 /* HomeScreen.swift */; };
		7E015CEA2C2450F000599EB6 /* UIView + Extension.swift in Sources */ = {isa = PBXBuildFile; fileRef = 7E015CE92C2450F000599EB6 /* UIView + Extension.swift */; };
		7E015CEC2C26775D00599EB6 /* UIColor + Extension.swift in Sources */ = {isa = PBXBuildFile; fileRef = 7E015CEB2C26775D00599EB6 /* UIColor + Extension.swift */; };
		7E015CEE2C2CD15600599EB6 /* HomeViewModel.swift in Sources */ = {isa = PBXBuildFile; fileRef = 7E015CED2C2CD15600599EB6 /* HomeViewModel.swift */; };
		7E015CFA2C3034D300599EB6 /* StoryCardCollectionViewCell.swift in Sources */ = {isa = PBXBuildFile; fileRef = 7E015CF92C3034D300599EB6 /* StoryCardCollectionViewCell.swift */; };
		7E015CFE2C30351300599EB6 /* StoryCardCollectionViewCellScreen.swift in Sources */ = {isa = PBXBuildFile; fileRef = 7E015CFD2C30351300599EB6 /* StoryCardCollectionViewCellScreen.swift */; };
		7E015D032C36E87200599EB6 /* StoryCardViewModel.swift in Sources */ = {isa = PBXBuildFile; fileRef = 7E015D022C36E87200599EB6 /* StoryCardViewModel.swift */; };
		7E015D0A2C3C272500599EB6 /* Stories.swift in Sources */ = {isa = PBXBuildFile; fileRef = 7E015D092C3C272500599EB6 /* Stories.swift */; };
		7E015D0D2C404AB500599EB6 /* StoryCollectionViewCell.swift in Sources */ = {isa = PBXBuildFile; fileRef = 7E015D0C2C404AB500599EB6 /* StoryCollectionViewCell.swift */; };
		7E015D102C404D9400599EB6 /* StoryCollectionViewCellScreen.swift in Sources */ = {isa = PBXBuildFile; fileRef = 7E015D0F2C404D9400599EB6 /* StoryCollectionViewCellScreen.swift */; };
		7E015D192C51391500599EB6 /* TestPostCardCollectionViewCell.swift in Sources */ = {isa = PBXBuildFile; fileRef = 7E015D182C51391500599EB6 /* TestPostCardCollectionViewCell.swift */; };
		7E015D1B2C5139F100599EB6 /* TestPostCardViewModel.swift in Sources */ = {isa = PBXBuildFile; fileRef = 7E015D1A2C5139F100599EB6 /* TestPostCardViewModel.swift */; };
		7E015D1D2C513A3900599EB6 /* TestPostCardCollectionViewScreen.swift in Sources */ = {isa = PBXBuildFile; fileRef = 7E015D1C2C513A3900599EB6 /* TestPostCardCollectionViewScreen.swift */; };
		7E015D1F2C513ACC00599EB6 /* TestPostCollectionViewCell.swift in Sources */ = {isa = PBXBuildFile; fileRef = 7E015D1E2C513ACC00599EB6 /* TestPostCollectionViewCell.swift */; };
/* End PBXBuildFile section */

/* Begin PBXFileReference section */
		7E015CCC2C1DDF7D00599EB6 /* firstAppMVVM.app */ = {isa = PBXFileReference; explicitFileType = wrapper.application; includeInIndex = 0; path = firstAppMVVM.app; sourceTree = BUILT_PRODUCTS_DIR; };
		7E015CCF2C1DDF7D00599EB6 /* AppDelegate.swift */ = {isa = PBXFileReference; lastKnownFileType = sourcecode.swift; path = AppDelegate.swift; sourceTree = "<group>"; };
		7E015CD12C1DDF7D00599EB6 /* SceneDelegate.swift */ = {isa = PBXFileReference; lastKnownFileType = sourcecode.swift; path = SceneDelegate.swift; sourceTree = "<group>"; };
		7E015CD32C1DDF7D00599EB6 /* HomeVC.swift */ = {isa = PBXFileReference; lastKnownFileType = sourcecode.swift; path = HomeVC.swift; sourceTree = "<group>"; };
		7E015CD62C1DDF7D00599EB6 /* Base */ = {isa = PBXFileReference; lastKnownFileType = file.storyboard; name = Base; path = Base.lproj/Main.storyboard; sourceTree = "<group>"; };
		7E015CD82C1DDF8000599EB6 /* Assets.xcassets */ = {isa = PBXFileReference; lastKnownFileType = folder.assetcatalog; path = Assets.xcassets; sourceTree = "<group>"; };
		7E015CDB2C1DDF8000599EB6 /* Base */ = {isa = PBXFileReference; lastKnownFileType = file.storyboard; name = Base; path = Base.lproj/LaunchScreen.storyboard; sourceTree = "<group>"; };
		7E015CDD2C1DDF8000599EB6 /* Info.plist */ = {isa = PBXFileReference; lastKnownFileType = text.plist.xml; path = Info.plist; sourceTree = "<group>"; };
		7E015CE42C2275B700599EB6 /* HomeScreen.swift */ = {isa = PBXFileReference; lastKnownFileType = sourcecode.swift; path = HomeScreen.swift; sourceTree = "<group>"; };
		7E015CE92C2450F000599EB6 /* UIView + Extension.swift */ = {isa = PBXFileReference; lastKnownFileType = sourcecode.swift; path = "UIView + Extension.swift"; sourceTree = "<group>"; };
		7E015CEB2C26775D00599EB6 /* UIColor + Extension.swift */ = {isa = PBXFileReference; lastKnownFileType = sourcecode.swift; path = "UIColor + Extension.swift"; sourceTree = "<group>"; };
		7E015CED2C2CD15600599EB6 /* HomeViewModel.swift */ = {isa = PBXFileReference; lastKnownFileType = sourcecode.swift; path = HomeViewModel.swift; sourceTree = "<group>"; };
		7E015CF92C3034D300599EB6 /* StoryCardCollectionViewCell.swift */ = {isa = PBXFileReference; lastKnownFileType = sourcecode.swift; path = StoryCardCollectionViewCell.swift; sourceTree = "<group>"; };
		7E015CFD2C30351300599EB6 /* StoryCardCollectionViewCellScreen.swift */ = {isa = PBXFileReference; lastKnownFileType = sourcecode.swift; path = StoryCardCollectionViewCellScreen.swift; sourceTree = "<group>"; };
		7E015D022C36E87200599EB6 /* StoryCardViewModel.swift */ = {isa = PBXFileReference; lastKnownFileType = sourcecode.swift; path = StoryCardViewModel.swift; sourceTree = "<group>"; };
		7E015D092C3C272500599EB6 /* Stories.swift */ = {isa = PBXFileReference; lastKnownFileType = sourcecode.swift; path = Stories.swift; sourceTree = "<group>"; };
		7E015D0C2C404AB500599EB6 /* StoryCollectionViewCell.swift */ = {isa = PBXFileReference; lastKnownFileType = sourcecode.swift; path = StoryCollectionViewCell.swift; sourceTree = "<group>"; };
		7E015D0F2C404D9400599EB6 /* StoryCollectionViewCellScreen.swift */ = {isa = PBXFileReference; lastKnownFileType = sourcecode.swift; path = StoryCollectionViewCellScreen.swift; sourceTree = "<group>"; };
		7E015D182C51391500599EB6 /* TestPostCardCollectionViewCell.swift */ = {isa = PBXFileReference; lastKnownFileType = sourcecode.swift; path = TestPostCardCollectionViewCell.swift; sourceTree = "<group>"; };
		7E015D1A2C5139F100599EB6 /* TestPostCardViewModel.swift */ = {isa = PBXFileReference; lastKnownFileType = sourcecode.swift; path = TestPostCardViewModel.swift; sourceTree = "<group>"; };
		7E015D1C2C513A3900599EB6 /* TestPostCardCollectionViewScreen.swift */ = {isa = PBXFileReference; lastKnownFileType = sourcecode.swift; path = TestPostCardCollectionViewScreen.swift; sourceTree = "<group>"; };
		7E015D1E2C513ACC00599EB6 /* TestPostCollectionViewCell.swift */ = {isa = PBXFileReference; lastKnownFileType = sourcecode.swift; path = TestPostCollectionViewCell.swift; sourceTree = "<group>"; };
/* End PBXFileReference section */

/* Begin PBXFrameworksBuildPhase section */
		7E015CC92C1DDF7D00599EB6 /* Frameworks */ = {
			isa = PBXFrameworksBuildPhase;
			buildActionMask = 2147483647;
			files = (
			);
			runOnlyForDeploymentPostprocessing = 0;
		};
/* End PBXFrameworksBuildPhase section */

/* Begin PBXGroup section */
		7E015CC32C1DDF7D00599EB6 = {
			isa = PBXGroup;
			children = (
				7E015CCE2C1DDF7D00599EB6 /* firstAppMVVM */,
				7E015CCD2C1DDF7D00599EB6 /* Products */,
			);
			sourceTree = "<group>";
		};
		7E015CCD2C1DDF7D00599EB6 /* Products */ = {
			isa = PBXGroup;
			children = (
				7E015CCC2C1DDF7D00599EB6 /* firstAppMVVM.app */,
			);
			name = Products;
			sourceTree = "<group>";
		};
		7E015CCE2C1DDF7D00599EB6 /* firstAppMVVM */ = {
			isa = PBXGroup;
			children = (
				7E015D082C3C270700599EB6 /* Model */,
				7E015CE62C2450B000599EB6 /* Extesion */,
				7E015CE32C22753C00599EB6 /* HomeVC */,
				7E015CCF2C1DDF7D00599EB6 /* AppDelegate.swift */,
				7E015CD12C1DDF7D00599EB6 /* SceneDelegate.swift */,
				7E015CD52C1DDF7D00599EB6 /* Main.storyboard */,
				7E015CD82C1DDF8000599EB6 /* Assets.xcassets */,
				7E015CDA2C1DDF8000599EB6 /* LaunchScreen.storyboard */,
				7E015CDD2C1DDF8000599EB6 /* Info.plist */,
			);
			path = firstAppMVVM;
			sourceTree = "<group>";
		};
		7E015CE32C22753C00599EB6 /* HomeVC */ = {
			isa = PBXGroup;
			children = (
				7E015D072C3C20CC00599EB6 /* View */,
				7E015D052C3C20BF00599EB6 /* ViewModel */,
				7E015CF82C3034B800599EB6 /* Cell */,
				7E015CD32C1DDF7D00599EB6 /* HomeVC.swift */,
			);
			path = HomeVC;
			sourceTree = "<group>";
		};
		7E015CE62C2450B000599EB6 /* Extesion */ = {
			isa = PBXGroup;
			children = (
				7E015CE92C2450F000599EB6 /* UIView + Extension.swift */,
				7E015CEB2C26775D00599EB6 /* UIColor + Extension.swift */,
			);
			path = Extesion;
			sourceTree = "<group>";
		};
		7E015CF82C3034B800599EB6 /* Cell */ = {
			isa = PBXGroup;
			children = (
				7E015D112C51365900599EB6 /* TestPostCollectionViewCell */,
				7E015D122C51383900599EB6 /* TestPostCardCollectionViewCell */,
				7E015D0B2C4049A600599EB6 /* StoryCollectionViewCell */,
				7E015CFF2C36E7E600599EB6 /* StoryCardCollectionViewCell */,
			);
			path = Cell;
			sourceTree = "<group>";
		};
		7E015CFF2C36E7E600599EB6 /* StoryCardCollectionViewCell */ = {
			isa = PBXGroup;
			children = (
				7E015D002C36E7FD00599EB6 /* ViewModel */,
				7E015D012C36E80200599EB6 /* View */,
				7E015CF92C3034D300599EB6 /* StoryCardCollectionViewCell.swift */,
			);
			path = StoryCardCollectionViewCell;
			sourceTree = "<group>";
		};
		7E015D002C36E7FD00599EB6 /* ViewModel */ = {
			isa = PBXGroup;
			children = (
				7E015D022C36E87200599EB6 /* StoryCardViewModel.swift */,
			);
			path = ViewModel;
			sourceTree = "<group>";
		};
		7E015D012C36E80200599EB6 /* View */ = {
			isa = PBXGroup;
			children = (
				7E015CFD2C30351300599EB6 /* StoryCardCollectionViewCellScreen.swift */,
			);
			path = View;
			sourceTree = "<group>";
		};
		7E015D052C3C20BF00599EB6 /* ViewModel */ = {
			isa = PBXGroup;
			children = (
				7E015CED2C2CD15600599EB6 /* HomeViewModel.swift */,
			);
			path = ViewModel;
			sourceTree = "<group>";
		};
		7E015D072C3C20CC00599EB6 /* View */ = {
			isa = PBXGroup;
			children = (
				7E015CE42C2275B700599EB6 /* HomeScreen.swift */,
			);
			path = View;
			sourceTree = "<group>";
		};
		7E015D082C3C270700599EB6 /* Model */ = {
			isa = PBXGroup;
			children = (
				7E015D092C3C272500599EB6 /* Stories.swift */,
			);
			path = Model;
			sourceTree = "<group>";
		};
		7E015D0B2C4049A600599EB6 /* StoryCollectionViewCell */ = {
			isa = PBXGroup;
			children = (
				7E015D0E2C404D4F00599EB6 /* View */,
				7E015D0C2C404AB500599EB6 /* StoryCollectionViewCell.swift */,
			);
			path = StoryCollectionViewCell;
			sourceTree = "<group>";
		};
		7E015D0E2C404D4F00599EB6 /* View */ = {
			isa = PBXGroup;
			children = (
				7E015D0F2C404D9400599EB6 /* StoryCollectionViewCellScreen.swift */,
			);
			path = View;
			sourceTree = "<group>";
		};
		7E015D112C51365900599EB6 /* TestPostCollectionViewCell */ = {
			isa = PBXGroup;
			children = (
				7E015D172C51389C00599EB6 /* View */,
				7E015D1E2C513ACC00599EB6 /* TestPostCollectionViewCell.swift */,
			);
			path = TestPostCollectionViewCell;
			sourceTree = "<group>";
		};
		7E015D122C51383900599EB6 /* TestPostCardCollectionViewCell */ = {
			isa = PBXGroup;
			children = (
				7E015D152C51388800599EB6 /* ViewModel */,
				7E015D162C51388D00599EB6 /* View */,
				7E015D182C51391500599EB6 /* TestPostCardCollectionViewCell.swift */,
			);
			path = TestPostCardCollectionViewCell;
			sourceTree = "<group>";
		};
		7E015D152C51388800599EB6 /* ViewModel */ = {
			isa = PBXGroup;
			children = (
				7E015D1A2C5139F100599EB6 /* TestPostCardViewModel.swift */,
			);
			path = ViewModel;
			sourceTree = "<group>";
		};
		7E015D162C51388D00599EB6 /* View */ = {
			isa = PBXGroup;
			children = (
				7E015D1C2C513A3900599EB6 /* TestPostCardCollectionViewScreen.swift */,
			);
			path = View;
			sourceTree = "<group>";
		};
		7E015D172C51389C00599EB6 /* View */ = {
			isa = PBXGroup;
			children = (
			);
			path = View;
			sourceTree = "<group>";
		};
/* End PBXGroup section */

/* Begin PBXNativeTarget section */
		7E015CCB2C1DDF7D00599EB6 /* firstAppMVVM */ = {
			isa = PBXNativeTarget;
			buildConfigurationList = 7E015CE02C1DDF8000599EB6 /* Build configuration list for PBXNativeTarget "firstAppMVVM" */;
			buildPhases = (
				7E015CC82C1DDF7D00599EB6 /* Sources */,
				7E015CC92C1DDF7D00599EB6 /* Frameworks */,
				7E015CCA2C1DDF7D00599EB6 /* Resources */,
			);
			buildRules = (
			);
			dependencies = (
			);
			name = firstAppMVVM;
			productName = firstAppMVVM;
			productReference = 7E015CCC2C1DDF7D00599EB6 /* firstAppMVVM.app */;
			productType = "com.apple.product-type.application";
		};
/* End PBXNativeTarget section */

/* Begin PBXProject section */
		7E015CC42C1DDF7D00599EB6 /* Project object */ = {
			isa = PBXProject;
			attributes = {
				BuildIndependentTargetsInParallel = 1;
				LastSwiftUpdateCheck = 1540;
				LastUpgradeCheck = 1540;
				TargetAttributes = {
					7E015CCB2C1DDF7D00599EB6 = {
						CreatedOnToolsVersion = 15.4;
					};
				};
			};
			buildConfigurationList = 7E015CC72C1DDF7D00599EB6 /* Build configuration list for PBXProject "firstAppMVVM" */;
			compatibilityVersion = "Xcode 14.0";
			developmentRegion = en;
			hasScannedForEncodings = 0;
			knownRegions = (
				en,
				Base,
			);
			mainGroup = 7E015CC32C1DDF7D00599EB6;
			productRefGroup = 7E015CCD2C1DDF7D00599EB6 /* Products */;
			projectDirPath = "";
			projectRoot = "";
			targets = (
				7E015CCB2C1DDF7D00599EB6 /* firstAppMVVM */,
			);
		};
/* End PBXProject section */

/* Begin PBXResourcesBuildPhase section */
		7E015CCA2C1DDF7D00599EB6 /* Resources */ = {
			isa = PBXResourcesBuildPhase;
			buildActionMask = 2147483647;
			files = (
				7E015CD92C1DDF8000599EB6 /* Assets.xcassets in Resources */,
				7E015CDC2C1DDF8000599EB6 /* Base in Resources */,
				7E015CD72C1DDF7D00599EB6 /* Base in Resources */,
			);
			runOnlyForDeploymentPostprocessing = 0;
		};
/* End PBXResourcesBuildPhase section */

/* Begin PBXSourcesBuildPhase section */
		7E015CC82C1DDF7D00599EB6 /* Sources */ = {
			isa = PBXSourcesBuildPhase;
			buildActionMask = 2147483647;
			files = (
				7E015CE52C2275B700599EB6 /* HomeScreen.swift in Sources */,
				7E015D102C404D9400599EB6 /* StoryCollectionViewCellScreen.swift in Sources */,
				7E015D192C51391500599EB6 /* TestPostCardCollectionViewCell.swift in Sources */,
				7E015CD42C1DDF7D00599EB6 /* HomeVC.swift in Sources */,
				7E015CFA2C3034D300599EB6 /* StoryCardCollectionViewCell.swift in Sources */,
				7E015D1F2C513ACC00599EB6 /* TestPostCollectionViewCell.swift in Sources */,
				7E015CEE2C2CD15600599EB6 /* HomeViewModel.swift in Sources */,
				7E015D0D2C404AB500599EB6 /* StoryCollectionViewCell.swift in Sources */,
				7E015D032C36E87200599EB6 /* StoryCardViewModel.swift in Sources */,
				7E015D0A2C3C272500599EB6 /* Stories.swift in Sources */,
				7E015D1B2C5139F100599EB6 /* TestPostCardViewModel.swift in Sources */,
				7E015CD02C1DDF7D00599EB6 /* AppDelegate.swift in Sources */,
				7E015CEC2C26775D00599EB6 /* UIColor + Extension.swift in Sources */,
				7E015CEA2C2450F000599EB6 /* UIView + Extension.swift in Sources */,
				7E015CD22C1DDF7D00599EB6 /* SceneDelegate.swift in Sources */,
				7E015D1D2C513A3900599EB6 /* TestPostCardCollectionViewScreen.swift in Sources */,
				7E015CFE2C30351300599EB6 /* StoryCardCollectionViewCellScreen.swift in Sources */,
			);
			runOnlyForDeploymentPostprocessing = 0;
		};
/* End PBXSourcesBuildPhase section */

/* Begin PBXVariantGroup section */
		7E015CD52C1DDF7D00599EB6 /* Main.storyboard */ = {
			isa = PBXVariantGroup;
			children = (
				7E015CD62C1DDF7D00599EB6 /* Base */,
			);
			name = Main.storyboard;
			sourceTree = "<group>";
		};
		7E015CDA2C1DDF8000599EB6 /* LaunchScreen.storyboard */ = {
			isa = PBXVariantGroup;
			children = (
				7E015CDB2C1DDF8000599EB6 /* Base */,
			);
			name = LaunchScreen.storyboard;
			sourceTree = "<group>";
		};
/* End PBXVariantGroup section */

/* Begin XCBuildConfiguration section */
		7E015CDE2C1DDF8000599EB6 /* Debug */ = {
			isa = XCBuildConfiguration;
			buildSettings = {
				ALWAYS_SEARCH_USER_PATHS = NO;
				ASSETCATALOG_COMPILER_GENERATE_SWIFT_ASSET_SYMBOL_EXTENSIONS = YES;
				CLANG_ANALYZER_NONNULL = YES;
				CLANG_ANALYZER_NUMBER_OBJECT_CONVERSION = YES_AGGRESSIVE;
				CLANG_CXX_LANGUAGE_STANDARD = "gnu++20";
				CLANG_ENABLE_MODULES = YES;
				CLANG_ENABLE_OBJC_ARC = YES;
				CLANG_ENABLE_OBJC_WEAK = YES;
				CLANG_WARN_BLOCK_CAPTURE_AUTORELEASING = YES;
				CLANG_WARN_BOOL_CONVERSION = YES;
				CLANG_WARN_COMMA = YES;
				CLANG_WARN_CONSTANT_CONVERSION = YES;
				CLANG_WARN_DEPRECATED_OBJC_IMPLEMENTATIONS = YES;
				CLANG_WARN_DIRECT_OBJC_ISA_USAGE = YES_ERROR;
				CLANG_WARN_DOCUMENTATION_COMMENTS = YES;
				CLANG_WARN_EMPTY_BODY = YES;
				CLANG_WARN_ENUM_CONVERSION = YES;
				CLANG_WARN_INFINITE_RECURSION = YES;
				CLANG_WARN_INT_CONVERSION = YES;
				CLANG_WARN_NON_LITERAL_NULL_CONVERSION = YES;
				CLANG_WARN_OBJC_IMPLICIT_RETAIN_SELF = YES;
				CLANG_WARN_OBJC_LITERAL_CONVERSION = YES;
				CLANG_WARN_OBJC_ROOT_CLASS = YES_ERROR;
				CLANG_WARN_QUOTED_INCLUDE_IN_FRAMEWORK_HEADER = YES;
				CLANG_WARN_RANGE_LOOP_ANALYSIS = YES;
				CLANG_WARN_STRICT_PROTOTYPES = YES;
				CLANG_WARN_SUSPICIOUS_MOVE = YES;
				CLANG_WARN_UNGUARDED_AVAILABILITY = YES_AGGRESSIVE;
				CLANG_WARN_UNREACHABLE_CODE = YES;
				CLANG_WARN__DUPLICATE_METHOD_MATCH = YES;
				COPY_PHASE_STRIP = NO;
				DEBUG_INFORMATION_FORMAT = dwarf;
				ENABLE_STRICT_OBJC_MSGSEND = YES;
				ENABLE_TESTABILITY = YES;
				ENABLE_USER_SCRIPT_SANDBOXING = YES;
				GCC_C_LANGUAGE_STANDARD = gnu17;
				GCC_DYNAMIC_NO_PIC = NO;
				GCC_NO_COMMON_BLOCKS = YES;
				GCC_OPTIMIZATION_LEVEL = 0;
				GCC_PREPROCESSOR_DEFINITIONS = (
					"DEBUG=1",
					"$(inherited)",
				);
				GCC_WARN_64_TO_32_BIT_CONVERSION = YES;
				GCC_WARN_ABOUT_RETURN_TYPE = YES_ERROR;
				GCC_WARN_UNDECLARED_SELECTOR = YES;
				GCC_WARN_UNINITIALIZED_AUTOS = YES_AGGRESSIVE;
				GCC_WARN_UNUSED_FUNCTION = YES;
				GCC_WARN_UNUSED_VARIABLE = YES;
				IPHONEOS_DEPLOYMENT_TARGET = 17.5;
				LOCALIZATION_PREFERS_STRING_CATALOGS = YES;
				MTL_ENABLE_DEBUG_INFO = INCLUDE_SOURCE;
				MTL_FAST_MATH = YES;
				ONLY_ACTIVE_ARCH = YES;
				SDKROOT = iphoneos;
				SWIFT_ACTIVE_COMPILATION_CONDITIONS = "DEBUG $(inherited)";
				SWIFT_OPTIMIZATION_LEVEL = "-Onone";
			};
			name = Debug;
		};
		7E015CDF2C1DDF8000599EB6 /* Release */ = {
			isa = XCBuildConfiguration;
			buildSettings = {
				ALWAYS_SEARCH_USER_PATHS = NO;
				ASSETCATALOG_COMPILER_GENERATE_SWIFT_ASSET_SYMBOL_EXTENSIONS = YES;
				CLANG_ANALYZER_NONNULL = YES;
				CLANG_ANALYZER_NUMBER_OBJECT_CONVERSION = YES_AGGRESSIVE;
				CLANG_CXX_LANGUAGE_STANDARD = "gnu++20";
				CLANG_ENABLE_MODULES = YES;
				CLANG_ENABLE_OBJC_ARC = YES;
				CLANG_ENABLE_OBJC_WEAK = YES;
				CLANG_WARN_BLOCK_CAPTURE_AUTORELEASING = YES;
				CLANG_WARN_BOOL_CONVERSION = YES;
				CLANG_WARN_COMMA = YES;
				CLANG_WARN_CONSTANT_CONVERSION = YES;
				CLANG_WARN_DEPRECATED_OBJC_IMPLEMENTATIONS = YES;
				CLANG_WARN_DIRECT_OBJC_ISA_USAGE = YES_ERROR;
				CLANG_WARN_DOCUMENTATION_COMMENTS = YES;
				CLANG_WARN_EMPTY_BODY = YES;
				CLANG_WARN_ENUM_CONVERSION = YES;
				CLANG_WARN_INFINITE_RECURSION = YES;
				CLANG_WARN_INT_CONVERSION = YES;
				CLANG_WARN_NON_LITERAL_NULL_CONVERSION = YES;
				CLANG_WARN_OBJC_IMPLICIT_RETAIN_SELF = YES;
				CLANG_WARN_OBJC_LITERAL_CONVERSION = YES;
				CLANG_WARN_OBJC_ROOT_CLASS = YES_ERROR;
				CLANG_WARN_QUOTED_INCLUDE_IN_FRAMEWORK_HEADER = YES;
				CLANG_WARN_RANGE_LOOP_ANALYSIS = YES;
				CLANG_WARN_STRICT_PROTOTYPES = YES;
				CLANG_WARN_SUSPICIOUS_MOVE = YES;
				CLANG_WARN_UNGUARDED_AVAILABILITY = YES_AGGRESSIVE;
				CLANG_WARN_UNREACHABLE_CODE = YES;
				CLANG_WARN__DUPLICATE_METHOD_MATCH = YES;
				COPY_PHASE_STRIP = NO;
				DEBUG_INFORMATION_FORMAT = "dwarf-with-dsym";
				ENABLE_NS_ASSERTIONS = NO;
				ENABLE_STRICT_OBJC_MSGSEND = YES;
				ENABLE_USER_SCRIPT_SANDBOXING = YES;
				GCC_C_LANGUAGE_STANDARD = gnu17;
				GCC_NO_COMMON_BLOCKS = YES;
				GCC_WARN_64_TO_32_BIT_CONVERSION = YES;
				GCC_WARN_ABOUT_RETURN_TYPE = YES_ERROR;
				GCC_WARN_UNDECLARED_SELECTOR = YES;
				GCC_WARN_UNINITIALIZED_AUTOS = YES_AGGRESSIVE;
				GCC_WARN_UNUSED_FUNCTION = YES;
				GCC_WARN_UNUSED_VARIABLE = YES;
				IPHONEOS_DEPLOYMENT_TARGET = 17.5;
				LOCALIZATION_PREFERS_STRING_CATALOGS = YES;
				MTL_ENABLE_DEBUG_INFO = NO;
				MTL_FAST_MATH = YES;
				SDKROOT = iphoneos;
				SWIFT_COMPILATION_MODE = wholemodule;
				VALIDATE_PRODUCT = YES;
			};
			name = Release;
		};
		7E015CE12C1DDF8000599EB6 /* Debug */ = {
			isa = XCBuildConfiguration;
			buildSettings = {
				ASSETCATALOG_COMPILER_APPICON_NAME = AppIcon;
				ASSETCATALOG_COMPILER_GLOBAL_ACCENT_COLOR_NAME = AccentColor;
				CODE_SIGN_STYLE = Automatic;
				CURRENT_PROJECT_VERSION = 1;
				DEVELOPMENT_TEAM = 6G36PN356L;
				GENERATE_INFOPLIST_FILE = YES;
				INFOPLIST_FILE = firstAppMVVM/Info.plist;
				INFOPLIST_KEY_UIApplicationSupportsIndirectInputEvents = YES;
				INFOPLIST_KEY_UILaunchStoryboardName = LaunchScreen;
				INFOPLIST_KEY_UISupportedInterfaceOrientations_iPad = "UIInterfaceOrientationPortrait UIInterfaceOrientationPortraitUpsideDown UIInterfaceOrientationLandscapeLeft UIInterfaceOrientationLandscapeRight";
				INFOPLIST_KEY_UISupportedInterfaceOrientations_iPhone = "UIInterfaceOrientationPortrait UIInterfaceOrientationLandscapeLeft UIInterfaceOrientationLandscapeRight";
				LD_RUNPATH_SEARCH_PATHS = (
					"$(inherited)",
					"@executable_path/Frameworks",
				);
				MARKETING_VERSION = 1.0;
				PRODUCT_BUNDLE_IDENTIFIER = ismaelRkz.firstAppMVVM;
				PRODUCT_NAME = "$(TARGET_NAME)";
				SUPPORTED_PLATFORMS = "iphoneos iphonesimulator";
				SUPPORTS_MACCATALYST = NO;
				SUPPORTS_MAC_DESIGNED_FOR_IPHONE_IPAD = NO;
				SUPPORTS_XR_DESIGNED_FOR_IPHONE_IPAD = NO;
				SWIFT_EMIT_LOC_STRINGS = YES;
				SWIFT_VERSION = 5.0;
				TARGETED_DEVICE_FAMILY = 1;
			};
			name = Debug;
		};
		7E015CE22C1DDF8000599EB6 /* Release */ = {
			isa = XCBuildConfiguration;
			buildSettings = {
				ASSETCATALOG_COMPILER_APPICON_NAME = AppIcon;
				ASSETCATALOG_COMPILER_GLOBAL_ACCENT_COLOR_NAME = AccentColor;
				CODE_SIGN_STYLE = Automatic;
				CURRENT_PROJECT_VERSION = 1;
				DEVELOPMENT_TEAM = 6G36PN356L;
				GENERATE_INFOPLIST_FILE = YES;
				INFOPLIST_FILE = firstAppMVVM/Info.plist;
				INFOPLIST_KEY_UIApplicationSupportsIndirectInputEvents = YES;
				INFOPLIST_KEY_UILaunchStoryboardName = LaunchScreen;
				INFOPLIST_KEY_UISupportedInterfaceOrientations_iPad = "UIInterfaceOrientationPortrait UIInterfaceOrientationPortraitUpsideDown UIInterfaceOrientationLandscapeLeft UIInterfaceOrientationLandscapeRight";
				INFOPLIST_KEY_UISupportedInterfaceOrientations_iPhone = "UIInterfaceOrientationPortrait UIInterfaceOrientationLandscapeLeft UIInterfaceOrientationLandscapeRight";
				LD_RUNPATH_SEARCH_PATHS = (
					"$(inherited)",
					"@executable_path/Frameworks",
				);
				MARKETING_VERSION = 1.0;
				PRODUCT_BUNDLE_IDENTIFIER = ismaelRkz.firstAppMVVM;
				PRODUCT_NAME = "$(TARGET_NAME)";
				SUPPORTED_PLATFORMS = "iphoneos iphonesimulator";
				SUPPORTS_MACCATALYST = NO;
				SUPPORTS_MAC_DESIGNED_FOR_IPHONE_IPAD = NO;
				SUPPORTS_XR_DESIGNED_FOR_IPHONE_IPAD = NO;
				SWIFT_EMIT_LOC_STRINGS = YES;
				SWIFT_VERSION = 5.0;
				TARGETED_DEVICE_FAMILY = 1;
			};
			name = Release;
		};
/* End XCBuildConfiguration section */

/* Begin XCConfigurationList section */
		7E015CC72C1DDF7D00599EB6 /* Build configuration list for PBXProject "firstAppMVVM" */ = {
			isa = XCConfigurationList;
			buildConfigurations = (
				7E015CDE2C1DDF8000599EB6 /* Debug */,
				7E015CDF2C1DDF8000599EB6 /* Release */,
			);
			defaultConfigurationIsVisible = 0;
			defaultConfigurationName = Release;
		};
		7E015CE02C1DDF8000599EB6 /* Build configuration list for PBXNativeTarget "firstAppMVVM" */ = {
			isa = XCConfigurationList;
			buildConfigurations = (
				7E015CE12C1DDF8000599EB6 /* Debug */,
				7E015CE22C1DDF8000599EB6 /* Release */,
			);
			defaultConfigurationIsVisible = 0;
			defaultConfigurationName = Release;
		};
/* End XCConfigurationList section */
	};
	rootObject = 7E015CC42C1DDF7D00599EB6 /* Project object */;
}
